<?xml version="1.0" encoding="utf-8"?>
<Project ToolsVersion="4.0" xmlns="http://schemas.microsoft.com/developer/msbuild/2003">
  <ItemGroup>
    <Filter Include="Source Files">
      <UniqueIdentifier>{4FC737F1-C7A5-4376-A066-2A32D752A2FF}</UniqueIdentifier>
      <Extensions>cpp;c;cc;cxx;def;odl;idl;hpj;bat;asm;asmx</Extensions>
    </Filter>
    <Filter Include="Header Files">
      <UniqueIdentifier>{93995380-89BD-4b04-88EB-625FBE52EBFB}</UniqueIdentifier>
      <Extensions>h;hh;hpp;hxx;hm;inl;inc;xsd</Extensions>
    </Filter>
    <Filter Include="Resource Files">
      <UniqueIdentifier>{D9D6E242-F8AF-46E4-B9FD-80ECBC20BA3E}</UniqueIdentifier>
      <Extensions>qrc;*</Extensions>
      <ParseFiles>false</ParseFiles>
    </Filter>
    <Filter Include="Form Files">
      <UniqueIdentifier>{99349809-55BA-4b9d-BF79-8FDBB0286EB3}</UniqueIdentifier>
      <Extensions>ui</Extensions>
    </Filter>
    <Filter Include="Resource Files">
      <UniqueIdentifier>{D9D6E242-F8AF-46E4-B9FD-80ECBC20BA3E}</UniqueIdentifier>
      <Extensions>qrc;*</Extensions>
      <ParseFiles>false</ParseFiles>
    </Filter>
    <Filter Include="Header Files\entity">
      <UniqueIdentifier>{0dfe37aa-84cb-40da-a791-fc56a6a18d88}</UniqueIdentifier>
    </Filter>
    <Filter Include="Source Files\entity">
      <UniqueIdentifier>{80e57509-638c-4867-a923-efb4113a6c4e}</UniqueIdentifier>
    </Filter>
    <Filter Include="Header Files\controller">
      <UniqueIdentifier>{6278217a-d125-47b0-8abe-be37624f6391}</UniqueIdentifier>
    </Filter>
    <Filter Include="Source Files\controller">
      <UniqueIdentifier>{82d0ddce-f1d7-49dd-a833-4fd62d80e2af}</UniqueIdentifier>
    </Filter>
    <Filter Include="Header Files\global">
      <UniqueIdentifier>{8c869702-ad75-4136-92aa-8fc0a03d9ede}</UniqueIdentifier>
    </Filter>
    <Filter Include="Header Files\utils">
      <UniqueIdentifier>{cefc02d8-3994-4ddf-8f7c-3eed0c3082aa}</UniqueIdentifier>
    </Filter>
    <Filter Include="Source Files\utils">
      <UniqueIdentifier>{e67dbfeb-05be-4bea-a159-d27eb20c0051}</UniqueIdentifier>
    </Filter>
    <Filter Include="Header Files\dataParser">
      <UniqueIdentifier>{0fb65ebd-25ef-43eb-a500-ba8988eb6da8}</UniqueIdentifier>
    </Filter>
    <Filter Include="Source Files\dataParser">
      <UniqueIdentifier>{5439033d-744f-40e4-ae4a-eb41c228570b}</UniqueIdentifier>
    </Filter>
    <Filter Include="Header Files\dao">
      <UniqueIdentifier>{833f3016-f8d8-437b-8c01-924164609ef3}</UniqueIdentifier>
    </Filter>
    <Filter Include="Source Files\dao">
      <UniqueIdentifier>{586584af-38ac-4cac-8f12-bed9bea1ac23}</UniqueIdentifier>
    </Filter>
    <Filter Include="Header Files\bo">
      <UniqueIdentifier>{952d40cc-653d-4d4e-80ee-c7e93048e2b8}</UniqueIdentifier>
    </Filter>
    <Filter Include="Source Files\bo">
      <UniqueIdentifier>{a431c533-20a1-4233-8c1d-2a45d503c451}</UniqueIdentifier>
    </Filter>
    <Filter Include="Source Files\service">
      <UniqueIdentifier>{4fc02359-dbcd-4d0f-939c-195d4ed49c94}</UniqueIdentifier>
    </Filter>
    <Filter Include="Header Files\service">
      <UniqueIdentifier>{d87952f3-9f12-4923-9484-f3fe740bd4c1}</UniqueIdentifier>
    </Filter>
    <Filter Include="Header Files\mode">
      <UniqueIdentifier>{4fcdbd0f-ad20-4137-8bc5-5bb1ea83ad75}</UniqueIdentifier>
    </Filter>
    <Filter Include="Source Files\mode">
      <UniqueIdentifier>{589f08ec-0266-49cc-a6d4-9b5fc3a09e80}</UniqueIdentifier>
    </Filter>
  </ItemGroup>
  <ItemGroup>
    <ClCompile Include="main.cpp">
      <Filter>Source Files</Filter>
    </ClCompile>
    <ClCompile Include="Pokemon.cpp">
      <Filter>Source Files</Filter>
    </ClCompile>
    <ClCompile Include="moveEntity.cpp">
      <Filter>Source Files\entity</Filter>
    </ClCompile>
    <ClCompile Include="battleController.cpp">
      <Filter>Source Files\controller</Filter>
    </ClCompile>
    <ClCompile Include="mainController.cpp">
      <Filter>Source Files\controller</Filter>
    </ClCompile>
    <ClCompile Include="pokemonEntity.cpp">
      <Filter>Source Files\entity</Filter>
    </ClCompile>
    <ClCompile Include="gameEntity.cpp">
      <Filter>Source Files\entity</Filter>
    </ClCompile>
    <ClCompile Include="fileReader.cpp">
      <Filter>Source Files\utils</Filter>
    </ClCompile>
    <ClCompile Include="moveDataParser.cpp">
      <Filter>Source Files\dataParser</Filter>
    </ClCompile>
    <ClCompile Include="pokemonDataParser.cpp">
      <Filter>Source Files\dataParser</Filter>
    </ClCompile>
    <ClCompile Include="gameDataParser.cpp">
      <Filter>Source Files\dataParser</Filter>
    </ClCompile>
    <ClCompile Include="moveDao.cpp">
      <Filter>Source Files\dao</Filter>
    </ClCompile>
    <ClCompile Include="pokemonDao.cpp">
      <Filter>Source Files\dao</Filter>
    </ClCompile>
    <ClCompile Include="gameDao.cpp">
      <Filter>Source Files\dao</Filter>
    </ClCompile>
    <ClCompile Include="pokemonService.cpp">
      <Filter>Source Files\service</Filter>
    </ClCompile>
    <ClCompile Include="pokemonBo.cpp">
      <Filter>Source Files\bo</Filter>
    </ClCompile>
    <ClCompile Include="pokemonMode.cpp">
      <Filter>Source Files\mode</Filter>
    </ClCompile>
    <ClCompile Include="damageSystem.cpp">
      <Filter>Source Files\mode</Filter>
    </ClCompile>
    <ClCompile Include="playerMode.cpp">
      <Filter>Source Files\mode</Filter>
    </ClCompile>
  </ItemGroup>
  <ItemGroup>
    <QtMoc Include="Pokemon.h">
      <Filter>Header Files</Filter>
    </QtMoc>
    <QtMoc Include="battleController.h">
      <Filter>Header Files\controller</Filter>
    </QtMoc>
    <QtMoc Include="mainController.h">
      <Filter>Header Files\controller</Filter>
    </QtMoc>
  </ItemGroup>
  <ItemGroup>
    <QtUic Include="Pokemon.ui">
      <Filter>Form Files</Filter>
    </QtUic>
  </ItemGroup>
  <ItemGroup>
    <QtRcc Include="Pokemon.qrc">
      <Filter>Resource Files</Filter>
    </QtRcc>
  </ItemGroup>
  <ItemGroup>
    <ClInclude Include="moveEntity.h">
      <Filter>Header Files\entity</Filter>
    </ClInclude>
    <ClInclude Include="pokemonEntity.h">
      <Filter>Header Files\entity</Filter>
    </ClInclude>
    <ClInclude Include="type.h">
      <Filter>Header Files\global</Filter>
    </ClInclude>
    <ClInclude Include="pokemonStats.h">
      <Filter>Header Files\global</Filter>
    </ClInclude>
    <ClInclude Include="damageType.h">
      <Filter>Header Files\global</Filter>
    </ClInclude>
    <ClInclude Include="additionalEffectType.h">
      <Filter>Header Files\global</Filter>
    </ClInclude>
    <ClInclude Include="moveStats.h">
      <Filter>Header Files\global</Filter>
    </ClInclude>
    <ClInclude Include="gameEntity.h">
      <Filter>Header Files\entity</Filter>
    </ClInclude>
    <ClInclude Include="fileReader.h">
      <Filter>Header Files\utils</Filter>
    </ClInclude>
    <ClInclude Include="moveDataParser.h">
      <Filter>Header Files\dataParser</Filter>
    </ClInclude>
    <ClInclude Include="pokemonDataParser.h">
      <Filter>Header Files\dataParser</Filter>
    </ClInclude>
    <ClInclude Include="gameDataParser.h">
      <Filter>Header Files\dataParser</Filter>
    </ClInclude>
    <ClInclude Include="moveDao.h">
      <Filter>Header Files\dao</Filter>
    </ClInclude>
    <ClInclude Include="pokemonDao.h">
      <Filter>Header Files\dao</Filter>
    </ClInclude>
    <ClInclude Include="gameDao.h">
      <Filter>Header Files\dao</Filter>
    </ClInclude>
    <ClInclude Include="pokemonService.h">
      <Filter>Header Files\service</Filter>
    </ClInclude>
    <ClInclude Include="pokemonBo.h">
      <Filter>Header Files\bo</Filter>
    </ClInclude>
    <ClInclude Include="pokemonMode.h">
      <Filter>Header Files\mode</Filter>
    </ClInclude>
    <ClInclude Include="damageSystem.h">
      <Filter>Header Files\mode</Filter>
    </ClInclude>
    <ClInclude Include="pokemonTypeChart.h">
      <Filter>Header Files\global</Filter>
    </ClInclude>
    <ClInclude Include="playerMode.h">
      <Filter>Header Files\mode</Filter>
    </ClInclude>
  </ItemGroup>
</Project>